// !$*UTF8*$!
{
	archiveVersion = 1;
	classes = {
	};
	objectVersion = 50;
	objects = {

/* Begin PBXBuildFile section */
		01123FBF24C6704B00884E6B /* keyboardfix.swift in Sources */ = {isa = PBXBuildFile; fileRef = 01123FBE24C6704B00884E6B /* keyboardfix.swift */; };
		0157E73924C681F800EC80A2 /* MN_spliter.swift in Sources */ = {isa = PBXBuildFile; fileRef = 0157E73824C681F800EC80A2 /* MN_spliter.swift */; };
		0159833624C6C51200784E89 /* Localizable.strings in Resources */ = {isa = PBXBuildFile; fileRef = 0159833824C6C51200784E89 /* Localizable.strings */; };
		01D7E44124C563D30063B39E /* AppDelegate.swift in Sources */ = {isa = PBXBuildFile; fileRef = 01D7E44024C563D30063B39E /* AppDelegate.swift */; };
		01D7E44324C563D30063B39E /* SceneDelegate.swift in Sources */ = {isa = PBXBuildFile; fileRef = 01D7E44224C563D30063B39E /* SceneDelegate.swift */; };
		01D7E44524C563D30063B39E /* ContentView.swift in Sources */ = {isa = PBXBuildFile; fileRef = 01D7E44424C563D30063B39E /* ContentView.swift */; };
		01D7E44724C563D40063B39E /* Assets.xcassets in Resources */ = {isa = PBXBuildFile; fileRef = 01D7E44624C563D40063B39E /* Assets.xcassets */; };
		01D7E44A24C563D40063B39E /* Preview Assets.xcassets in Resources */ = {isa = PBXBuildFile; fileRef = 01D7E44924C563D40063B39E /* Preview Assets.xcassets */; };
		01D7E44D24C563D40063B39E /* LaunchScreen.storyboard in Resources */ = {isa = PBXBuildFile; fileRef = 01D7E44B24C563D40063B39E /* LaunchScreen.storyboard */; };
		01D7E45824C563D50063B39E /* lottery_13Tests.swift in Sources */ = {isa = PBXBuildFile; fileRef = 01D7E45724C563D50063B39E /* lottery_13Tests.swift */; };
		01D7E46324C563D50063B39E /* lottery_13UITests.swift in Sources */ = {isa = PBXBuildFile; fileRef = 01D7E46224C563D50063B39E /* lottery_13UITests.swift */; };
		01D7E47124C564530063B39E /* page2.swift in Sources */ = {isa = PBXBuildFile; fileRef = 01D7E47024C564530063B39E /* page2.swift */; };
		01D7E47324C5649F0063B39E /* page3_confirm.swift in Sources */ = {isa = PBXBuildFile; fileRef = 01D7E47224C5649F0063B39E /* page3_confirm.swift */; };
		01D7E47524C564FA0063B39E /* allprizemember_caculator.swift in Sources */ = {isa = PBXBuildFile; fileRef = 01D7E47424C564FA0063B39E /* allprizemember_caculator.swift */; };
		01D7E47724C565260063B39E /* page4_result.swift in Sources */ = {isa = PBXBuildFile; fileRef = 01D7E47624C565260063B39E /* page4_result.swift */; };
		01D7E47924C565580063B39E /* prizes.swift in Sources */ = {isa = PBXBuildFile; fileRef = 01D7E47824C565580063B39E /* prizes.swift */; };
		01D7E47B24C565710063B39E /* Random.swift in Sources */ = {isa = PBXBuildFile; fileRef = 01D7E47A24C565710063B39E /* Random.swift */; };
/* End PBXBuildFile section */

/* Begin PBXContainerItemProxy section */
		01D7E45424C563D50063B39E /* PBXContainerItemProxy */ = {
			isa = PBXContainerItemProxy;
			containerPortal = 01D7E43524C563D30063B39E /* Project object */;
			proxyType = 1;
			remoteGlobalIDString = 01D7E43C24C563D30063B39E;
			remoteInfo = lottery_13;
		};
		01D7E45F24C563D50063B39E /* PBXContainerItemProxy */ = {
			isa = PBXContainerItemProxy;
			containerPortal = 01D7E43524C563D30063B39E /* Project object */;
			proxyType = 1;
			remoteGlobalIDString = 01D7E43C24C563D30063B39E;
			remoteInfo = lottery_13;
		};
/* End PBXContainerItemProxy section */

/* Begin PBXFileReference section */
		01123FBE24C6704B00884E6B /* keyboardfix.swift */ = {isa = PBXFileReference; lastKnownFileType = sourcecode.swift; path = keyboardfix.swift; sourceTree = "<group>"; };
		0157E73824C681F800EC80A2 /* MN_spliter.swift */ = {isa = PBXFileReference; lastKnownFileType = sourcecode.swift; path = MN_spliter.swift; sourceTree = "<group>"; };
		0159833724C6C51200784E89 /* en */ = {isa = PBXFileReference; lastKnownFileType = text.plist.strings; name = en; path = en.lproj/Localizable.strings; sourceTree = "<group>"; };
		0159833924C6C53500784E89 /* zh-Hans */ = {isa = PBXFileReference; lastKnownFileType = text.plist.strings; name = "zh-Hans"; path = "zh-Hans.lproj/Localizable.strings"; sourceTree = "<group>"; };
		01D7E43D24C563D30063B39E /* lottery_13.app */ = {isa = PBXFileReference; explicitFileType = wrapper.application; includeInIndex = 0; path = lottery_13.app; sourceTree = BUILT_PRODUCTS_DIR; };
		01D7E44024C563D30063B39E /* AppDelegate.swift */ = {isa = PBXFileReference; lastKnownFileType = sourcecode.swift; path = AppDelegate.swift; sourceTree = "<group>"; };
		01D7E44224C563D30063B39E /* SceneDelegate.swift */ = {isa = PBXFileReference; lastKnownFileType = sourcecode.swift; path = SceneDelegate.swift; sourceTree = "<group>"; };
		01D7E44424C563D30063B39E /* ContentView.swift */ = {isa = PBXFileReference; lastKnownFileType = sourcecode.swift; path = ContentView.swift; sourceTree = "<group>"; };
		01D7E44624C563D40063B39E /* Assets.xcassets */ = {isa = PBXFileReference; lastKnownFileType = folder.assetcatalog; path = Assets.xcassets; sourceTree = "<group>"; };
		01D7E44924C563D40063B39E /* Preview Assets.xcassets */ = {isa = PBXFileReference; lastKnownFileType = folder.assetcatalog; path = "Preview Assets.xcassets"; sourceTree = "<group>"; };
		01D7E44C24C563D40063B39E /* Base */ = {isa = PBXFileReference; lastKnownFileType = file.storyboard; name = Base; path = Base.lproj/LaunchScreen.storyboard; sourceTree = "<group>"; };
		01D7E44E24C563D40063B39E /* Info.plist */ = {isa = PBXFileReference; lastKnownFileType = text.plist.xml; path = Info.plist; sourceTree = "<group>"; };
		01D7E45324C563D50063B39E /* lottery_13Tests.xctest */ = {isa = PBXFileReference; explicitFileType = wrapper.cfbundle; includeInIndex = 0; path = lottery_13Tests.xctest; sourceTree = BUILT_PRODUCTS_DIR; };
		01D7E45724C563D50063B39E /* lottery_13Tests.swift */ = {isa = PBXFileReference; lastKnownFileType = sourcecode.swift; path = lottery_13Tests.swift; sourceTree = "<group>"; };
		01D7E45924C563D50063B39E /* Info.plist */ = {isa = PBXFileReference; lastKnownFileType = text.plist.xml; path = Info.plist; sourceTree = "<group>"; };
		01D7E45E24C563D50063B39E /* lottery_13UITests.xctest */ = {isa = PBXFileReference; explicitFileType = wrapper.cfbundle; includeInIndex = 0; path = lottery_13UITests.xctest; sourceTree = BUILT_PRODUCTS_DIR; };
		01D7E46224C563D50063B39E /* lottery_13UITests.swift */ = {isa = PBXFileReference; lastKnownFileType = sourcecode.swift; path = lottery_13UITests.swift; sourceTree = "<group>"; };
		01D7E46424C563D50063B39E /* Info.plist */ = {isa = PBXFileReference; lastKnownFileType = text.plist.xml; path = Info.plist; sourceTree = "<group>"; };
		01D7E47024C564530063B39E /* page2.swift */ = {isa = PBXFileReference; lastKnownFileType = sourcecode.swift; path = page2.swift; sourceTree = "<group>"; };
		01D7E47224C5649F0063B39E /* page3_confirm.swift */ = {isa = PBXFileReference; lastKnownFileType = sourcecode.swift; path = page3_confirm.swift; sourceTree = "<group>"; };
		01D7E47424C564FA0063B39E /* allprizemember_caculator.swift */ = {isa = PBXFileReference; lastKnownFileType = sourcecode.swift; path = allprizemember_caculator.swift; sourceTree = "<group>"; };
		01D7E47624C565260063B39E /* page4_result.swift */ = {isa = PBXFileReference; lastKnownFileType = sourcecode.swift; path = page4_result.swift; sourceTree = "<group>"; };
		01D7E47824C565580063B39E /* prizes.swift */ = {isa = PBXFileReference; lastKnownFileType = sourcecode.swift; path = prizes.swift; sourceTree = "<group>"; };
		01D7E47A24C565710063B39E /* Random.swift */ = {isa = PBXFileReference; lastKnownFileType = sourcecode.swift; path = Random.swift; sourceTree = "<group>"; };
/* End PBXFileReference section */

/* Begin PBXFrameworksBuildPhase section */
		01D7E43A24C563D30063B39E /* Frameworks */ = {
			isa = PBXFrameworksBuildPhase;
			buildActionMask = 2147483647;
			files = (
			);
			runOnlyForDeploymentPostprocessing = 0;
		};
		01D7E45024C563D50063B39E /* Frameworks */ = {
			isa = PBXFrameworksBuildPhase;
			buildActionMask = 2147483647;
			files = (
			);
			runOnlyForDeploymentPostprocessing = 0;
		};
		01D7E45B24C563D50063B39E /* Frameworks */ = {
			isa = PBXFrameworksBuildPhase;
			buildActionMask = 2147483647;
			files = (
			);
			runOnlyForDeploymentPostprocessing = 0;
		};
/* End PBXFrameworksBuildPhase section */

/* Begin PBXGroup section */
		01D7E43424C563D30063B39E = {
			isa = PBXGroup;
			children = (
				01D7E43F24C563D30063B39E /* lottery_13 */,
				01D7E45624C563D50063B39E /* lottery_13Tests */,
				01D7E46124C563D50063B39E /* lottery_13UITests */,
				01D7E43E24C563D30063B39E /* Products */,
			);
			sourceTree = "<group>";
		};
		01D7E43E24C563D30063B39E /* Products */ = {
			isa = PBXGroup;
			children = (
				01D7E43D24C563D30063B39E /* lottery_13.app */,
				01D7E45324C563D50063B39E /* lottery_13Tests.xctest */,
				01D7E45E24C563D50063B39E /* lottery_13UITests.xctest */,
			);
			name = Products;
			sourceTree = "<group>";
		};
		01D7E43F24C563D30063B39E /* lottery_13 */ = {
			isa = PBXGroup;
			children = (
				01D7E44024C563D30063B39E /* AppDelegate.swift */,
				01D7E44224C563D30063B39E /* SceneDelegate.swift */,
				01D7E44424C563D30063B39E /* ContentView.swift */,
				0157E73824C681F800EC80A2 /* MN_spliter.swift */,
				01123FBE24C6704B00884E6B /* keyboardfix.swift */,
				0159833824C6C51200784E89 /* Localizable.strings */,
				01D7E47024C564530063B39E /* page2.swift */,
				01D7E47224C5649F0063B39E /* page3_confirm.swift */,
				01D7E47424C564FA0063B39E /* allprizemember_caculator.swift */,
				01D7E47624C565260063B39E /* page4_result.swift */,
				01D7E47824C565580063B39E /* prizes.swift */,
				01D7E47A24C565710063B39E /* Random.swift */,
				01D7E44624C563D40063B39E /* Assets.xcassets */,
				01D7E44B24C563D40063B39E /* LaunchScreen.storyboard */,
				01D7E44E24C563D40063B39E /* Info.plist */,
				01D7E44824C563D40063B39E /* Preview Content */,
			);
			path = lottery_13;
			sourceTree = "<group>";
		};
		01D7E44824C563D40063B39E /* Preview Content */ = {
			isa = PBXGroup;
			children = (
				01D7E44924C563D40063B39E /* Preview Assets.xcassets */,
			);
			path = "Preview Content";
			sourceTree = "<group>";
		};
		01D7E45624C563D50063B39E /* lottery_13Tests */ = {
			isa = PBXGroup;
			children = (
				01D7E45724C563D50063B39E /* lottery_13Tests.swift */,
				01D7E45924C563D50063B39E /* Info.plist */,
			);
			path = lottery_13Tests;
			sourceTree = "<group>";
		};
		01D7E46124C563D50063B39E /* lottery_13UITests */ = {
			isa = PBXGroup;
			children = (
				01D7E46224C563D50063B39E /* lottery_13UITests.swift */,
				01D7E46424C563D50063B39E /* Info.plist */,
			);
			path = lottery_13UITests;
			sourceTree = "<group>";
		};
/* End PBXGroup section */

/* Begin PBXNativeTarget section */
		01D7E43C24C563D30063B39E /* lottery_13 */ = {
			isa = PBXNativeTarget;
			buildConfigurationList = 01D7E46724C563D50063B39E /* Build configuration list for PBXNativeTarget "lottery_13" */;
			buildPhases = (
				01D7E43924C563D30063B39E /* Sources */,
				01D7E43A24C563D30063B39E /* Frameworks */,
				01D7E43B24C563D30063B39E /* Resources */,
			);
			buildRules = (
			);
			dependencies = (
			);
			name = lottery_13;
			productName = lottery_13;
			productReference = 01D7E43D24C563D30063B39E /* lottery_13.app */;
			productType = "com.apple.product-type.application";
		};
		01D7E45224C563D50063B39E /* lottery_13Tests */ = {
			isa = PBXNativeTarget;
			buildConfigurationList = 01D7E46A24C563D50063B39E /* Build configuration list for PBXNativeTarget "lottery_13Tests" */;
			buildPhases = (
				01D7E44F24C563D50063B39E /* Sources */,
				01D7E45024C563D50063B39E /* Frameworks */,
				01D7E45124C563D50063B39E /* Resources */,
			);
			buildRules = (
			);
			dependencies = (
				01D7E45524C563D50063B39E /* PBXTargetDependency */,
			);
			name = lottery_13Tests;
			productName = lottery_13Tests;
			productReference = 01D7E45324C563D50063B39E /* lottery_13Tests.xctest */;
			productType = "com.apple.product-type.bundle.unit-test";
		};
		01D7E45D24C563D50063B39E /* lottery_13UITests */ = {
			isa = PBXNativeTarget;
			buildConfigurationList = 01D7E46D24C563D50063B39E /* Build configuration list for PBXNativeTarget "lottery_13UITests" */;
			buildPhases = (
				01D7E45A24C563D50063B39E /* Sources */,
				01D7E45B24C563D50063B39E /* Frameworks */,
				01D7E45C24C563D50063B39E /* Resources */,
			);
			buildRules = (
			);
			dependencies = (
				01D7E46024C563D50063B39E /* PBXTargetDependency */,
			);
			name = lottery_13UITests;
			productName = lottery_13UITests;
			productReference = 01D7E45E24C563D50063B39E /* lottery_13UITests.xctest */;
			productType = "com.apple.product-type.bundle.ui-testing";
		};
/* End PBXNativeTarget section */

/* Begin PBXProject section */
		01D7E43524C563D30063B39E /* Project object */ = {
			isa = PBXProject;
			attributes = {
				LastSwiftUpdateCheck = 1200;
				LastUpgradeCheck = 1200;
				TargetAttributes = {
					01D7E43C24C563D30063B39E = {
						CreatedOnToolsVersion = 12.0;
					};
					01D7E45224C563D50063B39E = {
						CreatedOnToolsVersion = 12.0;
						TestTargetID = 01D7E43C24C563D30063B39E;
					};
					01D7E45D24C563D50063B39E = {
						CreatedOnToolsVersion = 12.0;
						TestTargetID = 01D7E43C24C563D30063B39E;
					};
				};
			};
			buildConfigurationList = 01D7E43824C563D30063B39E /* Build configuration list for PBXProject "lottery_13" */;
			compatibilityVersion = "Xcode 9.3";
			developmentRegion = en;
			hasScannedForEncodings = 0;
			knownRegions = (
				en,
				Base,
				"zh-Hans",
			);
			mainGroup = 01D7E43424C563D30063B39E;
			productRefGroup = 01D7E43E24C563D30063B39E /* Products */;
			projectDirPath = "";
			projectRoot = "";
			targets = (
				01D7E43C24C563D30063B39E /* lottery_13 */,
				01D7E45224C563D50063B39E /* lottery_13Tests */,
				01D7E45D24C563D50063B39E /* lottery_13UITests */,
			);
		};
/* End PBXProject section */

/* Begin PBXResourcesBuildPhase section */
		01D7E43B24C563D30063B39E /* Resources */ = {
			isa = PBXResourcesBuildPhase;
			buildActionMask = 2147483647;
			files = (
				01D7E44D24C563D40063B39E /* LaunchScreen.storyboard in Resources */,
				01D7E44A24C563D40063B39E /* Preview Assets.xcassets in Resources */,
				0159833624C6C51200784E89 /* Localizable.strings in Resources */,
				01D7E44724C563D40063B39E /* Assets.xcassets in Resources */,
			);
			runOnlyForDeploymentPostprocessing = 0;
		};
		01D7E45124C563D50063B39E /* Resources */ = {
			isa = PBXResourcesBuildPhase;
			buildActionMask = 2147483647;
			files = (
			);
			runOnlyForDeploymentPostprocessing = 0;
		};
		01D7E45C24C563D50063B39E /* Resources */ = {
			isa = PBXResourcesBuildPhase;
			buildActionMask = 2147483647;
			files = (
			);
			runOnlyForDeploymentPostprocessing = 0;
		};
/* End PBXResourcesBuildPhase section */

/* Begin PBXSourcesBuildPhase section */
		01D7E43924C563D30063B39E /* Sources */ = {
			isa = PBXSourcesBuildPhase;
			buildActionMask = 2147483647;
			files = (
				01D7E44124C563D30063B39E /* AppDelegate.swift in Sources */,
				01D7E47124C564530063B39E /* page2.swift in Sources */,
				01D7E47724C565260063B39E /* page4_result.swift in Sources */,
				01D7E47324C5649F0063B39E /* page3_confirm.swift in Sources */,
				01123FBF24C6704B00884E6B /* keyboardfix.swift in Sources */,
				01D7E47924C565580063B39E /* prizes.swift in Sources */,
				0157E73924C681F800EC80A2 /* MN_spliter.swift in Sources */,
				01D7E44324C563D30063B39E /* SceneDelegate.swift in Sources */,
				01D7E44524C563D30063B39E /* ContentView.swift in Sources */,
				01D7E47524C564FA0063B39E /* allprizemember_caculator.swift in Sources */,
				01D7E47B24C565710063B39E /* Random.swift in Sources */,
			);
			runOnlyForDeploymentPostprocessing = 0;
		};
		01D7E44F24C563D50063B39E /* Sources */ = {
			isa = PBXSourcesBuildPhase;
			buildActionMask = 2147483647;
			files = (
				01D7E45824C563D50063B39E /* lottery_13Tests.swift in Sources */,
			);
			runOnlyForDeploymentPostprocessing = 0;
		};
		01D7E45A24C563D50063B39E /* Sources */ = {
			isa = PBXSourcesBuildPhase;
			buildActionMask = 2147483647;
			files = (
				01D7E46324C563D50063B39E /* lottery_13UITests.swift in Sources */,
			);
			runOnlyForDeploymentPostprocessing = 0;
		};
/* End PBXSourcesBuildPhase section */

/* Begin PBXTargetDependency section */
		01D7E45524C563D50063B39E /* PBXTargetDependency */ = {
			isa = PBXTargetDependency;
			target = 01D7E43C24C563D30063B39E /* lottery_13 */;
			targetProxy = 01D7E45424C563D50063B39E /* PBXContainerItemProxy */;
		};
		01D7E46024C563D50063B39E /* PBXTargetDependency */ = {
			isa = PBXTargetDependency;
			target = 01D7E43C24C563D30063B39E /* lottery_13 */;
			targetProxy = 01D7E45F24C563D50063B39E /* PBXContainerItemProxy */;
		};
/* End PBXTargetDependency section */

/* Begin PBXVariantGroup section */
		0159833824C6C51200784E89 /* Localizable.strings */ = {
			isa = PBXVariantGroup;
			children = (
				0159833724C6C51200784E89 /* en */,
				0159833924C6C53500784E89 /* zh-Hans */,
			);
			name = Localizable.strings;
			sourceTree = "<group>";
		};
		01D7E44B24C563D40063B39E /* LaunchScreen.storyboard */ = {
			isa = PBXVariantGroup;
			children = (
				01D7E44C24C563D40063B39E /* Base */,
			);
			name = LaunchScreen.storyboard;
			sourceTree = "<group>";
		};
/* End PBXVariantGroup section */

/* Begin XCBuildConfiguration section */
		01BA41EA24C6D2FF00FD85B7 /* add-hoc */ = {
			isa = XCBuildConfiguration;
			buildSettings = {
				ALWAYS_SEARCH_USER_PATHS = NO;
				CLANG_ANALYZER_LOCALIZABILITY_NONLOCALIZED = YES;
				CLANG_ANALYZER_NONNULL = YES;
				CLANG_ANALYZER_NUMBER_OBJECT_CONVERSION = YES_AGGRESSIVE;
				CLANG_CXX_LANGUAGE_STANDARD = "gnu++14";
				CLANG_CXX_LIBRARY = "libc++";
				CLANG_ENABLE_MODULES = YES;
				CLANG_ENABLE_OBJC_ARC = YES;
				CLANG_ENABLE_OBJC_WEAK = YES;
				CLANG_WARN_BLOCK_CAPTURE_AUTORELEASING = YES;
				CLANG_WARN_BOOL_CONVERSION = YES;
				CLANG_WARN_COMMA = YES;
				CLANG_WARN_CONSTANT_CONVERSION = YES;
				CLANG_WARN_DEPRECATED_OBJC_IMPLEMENTATIONS = YES;
				CLANG_WARN_DIRECT_OBJC_ISA_USAGE = YES_ERROR;
				CLANG_WARN_DOCUMENTATION_COMMENTS = YES;
				CLANG_WARN_EMPTY_BODY = YES;
				CLANG_WARN_ENUM_CONVERSION = YES;
				CLANG_WARN_INFINITE_RECURSION = YES;
				CLANG_WARN_INT_CONVERSION = YES;
				CLANG_WARN_NON_LITERAL_NULL_CONVERSION = YES;
				CLANG_WARN_OBJC_IMPLICIT_RETAIN_SELF = YES;
				CLANG_WARN_OBJC_LITERAL_CONVERSION = YES;
				CLANG_WARN_OBJC_ROOT_CLASS = YES_ERROR;
				CLANG_WARN_QUOTED_INCLUDE_IN_FRAMEWORK_HEADER = YES;
				CLANG_WARN_RANGE_LOOP_ANALYSIS = YES;
				CLANG_WARN_STRICT_PROTOTYPES = YES;
				CLANG_WARN_SUSPICIOUS_MOVE = YES;
				CLANG_WARN_UNGUARDED_AVAILABILITY = YES_AGGRESSIVE;
				CLANG_WARN_UNREACHABLE_CODE = YES;
				CLANG_WARN__DUPLICATE_METHOD_MATCH = YES;
				COPY_PHASE_STRIP = NO;
				DEBUG_INFORMATION_FORMAT = "dwarf-with-dsym";
				ENABLE_NS_ASSERTIONS = NO;
				ENABLE_STRICT_OBJC_MSGSEND = YES;
				GCC_C_LANGUAGE_STANDARD = gnu11;
				GCC_NO_COMMON_BLOCKS = YES;
				GCC_WARN_64_TO_32_BIT_CONVERSION = YES;
				GCC_WARN_ABOUT_RETURN_TYPE = YES_ERROR;
				GCC_WARN_UNDECLARED_SELECTOR = YES;
				GCC_WARN_UNINITIALIZED_AUTOS = YES_AGGRESSIVE;
				GCC_WARN_UNUSED_FUNCTION = YES;
				GCC_WARN_UNUSED_VARIABLE = YES;
				IPHONEOS_DEPLOYMENT_TARGET = 14.0;
				MTL_ENABLE_DEBUG_INFO = NO;
				MTL_FAST_MATH = YES;
				SDKROOT = iphoneos;
				SWIFT_COMPILATION_MODE = wholemodule;
				SWIFT_OPTIMIZATION_LEVEL = "-O";
				VALIDATE_PRODUCT = YES;
			};
			name = "add-hoc";
		};
		01BA41EB24C6D2FF00FD85B7 /* add-hoc */ = {
			isa = XCBuildConfiguration;
			buildSettings = {
				ASSETCATALOG_COMPILER_APPICON_NAME = AppIcon;
				ASSETCATALOG_COMPILER_GLOBAL_ACCENT_COLOR_NAME = AccentColor;
				CODE_SIGN_STYLE = Automatic;
				DEVELOPMENT_ASSET_PATHS = "\"lottery_13/Preview Content\"";
				DEVELOPMENT_TEAM = 6T6JMWY77X;
				ENABLE_PREVIEWS = YES;
				INFOPLIST_FILE = lottery_13/Info.plist;
				IPHONEOS_DEPLOYMENT_TARGET = 13.5;
				LD_RUNPATH_SEARCH_PATHS = (
					"$(inherited)",
					"@executable_path/Frameworks",
				);
				PRODUCT_BUNDLE_IDENTIFIER = "wqhqq1.lottery-13";
				PRODUCT_NAME = "$(TARGET_NAME)";
				SWIFT_VERSION = 5.0;
				TARGETED_DEVICE_FAMILY = "1,2";
			};
			name = "add-hoc";
		};
		01BA41EC24C6D2FF00FD85B7 /* add-hoc */ = {
			isa = XCBuildConfiguration;
			buildSettings = {
				ALWAYS_EMBED_SWIFT_STANDARD_LIBRARIES = YES;
				BUNDLE_LOADER = "$(TEST_HOST)";
				CODE_SIGN_STYLE = Automatic;
				DEVELOPMENT_TEAM = 6T6JMWY77X;
				INFOPLIST_FILE = lottery_13Tests/Info.plist;
				IPHONEOS_DEPLOYMENT_TARGET = 14.0;
				LD_RUNPATH_SEARCH_PATHS = (
					"$(inherited)",
					"@executable_path/Frameworks",
					"@loader_path/Frameworks",
				);
				PRODUCT_BUNDLE_IDENTIFIER = "wqhqq1.lottery-13Tests";
				PRODUCT_NAME = "$(TARGET_NAME)";
				SWIFT_VERSION = 5.0;
				TARGETED_DEVICE_FAMILY = "1,2";
				TEST_HOST = "$(BUILT_PRODUCTS_DIR)/lottery_13.app/lottery_13";
			};
			name = "add-hoc";
		};
		01BA41ED24C6D2FF00FD85B7 /* add-hoc */ = {
			isa = XCBuildConfiguration;
			buildSettings = {
				ALWAYS_EMBED_SWIFT_STANDARD_LIBRARIES = YES;
				CODE_SIGN_STYLE = Automatic;
				DEVELOPMENT_TEAM = 6T6JMWY77X;
				INFOPLIST_FILE = lottery_13UITests/Info.plist;
				LD_RUNPATH_SEARCH_PATHS = (
					"$(inherited)",
					"@executable_path/Frameworks",
					"@loader_path/Frameworks",
				);
				PRODUCT_BUNDLE_IDENTIFIER = "wqhqq1.lottery-13UITests";
				PRODUCT_NAME = "$(TARGET_NAME)";
				SWIFT_VERSION = 5.0;
				TARGETED_DEVICE_FAMILY = "1,2";
				TEST_TARGET_NAME = lottery_13;
			};
			name = "add-hoc";
		};
		01D7E46524C563D50063B39E /* Debug */ = {
			isa = XCBuildConfiguration;
			buildSettings = {
				ALWAYS_SEARCH_USER_PATHS = NO;
				CLANG_ANALYZER_LOCALIZABILITY_NONLOCALIZED = YES;
				CLANG_ANALYZER_NONNULL = YES;
				CLANG_ANALYZER_NUMBER_OBJECT_CONVERSION = YES_AGGRESSIVE;
				CLANG_CXX_LANGUAGE_STANDARD = "gnu++14";
				CLANG_CXX_LIBRARY = "libc++";
				CLANG_ENABLE_MODULES = YES;
				CLANG_ENABLE_OBJC_ARC = YES;
				CLANG_ENABLE_OBJC_WEAK = YES;
				CLANG_WARN_BLOCK_CAPTURE_AUTORELEASING = YES;
				CLANG_WARN_BOOL_CONVERSION = YES;
				CLANG_WARN_COMMA = YES;
				CLANG_WARN_CONSTANT_CONVERSION = YES;
				CLANG_WARN_DEPRECATED_OBJC_IMPLEMENTATIONS = YES;
				CLANG_WARN_DIRECT_OBJC_ISA_USAGE = YES_ERROR;
				CLANG_WARN_DOCUMENTATION_COMMENTS = YES;
				CLANG_WARN_EMPTY_BODY = YES;
				CLANG_WARN_ENUM_CONVERSION = YES;
				CLANG_WARN_INFINITE_RECURSION = YES;
				CLANG_WARN_INT_CONVERSION = YES;
				CLANG_WARN_NON_LITERAL_NULL_CONVERSION = YES;
				CLANG_WARN_OBJC_IMPLICIT_RETAIN_SELF = YES;
				CLANG_WARN_OBJC_LITERAL_CONVERSION = YES;
				CLANG_WARN_OBJC_ROOT_CLASS = YES_ERROR;
				CLANG_WARN_QUOTED_INCLUDE_IN_FRAMEWORK_HEADER = YES;
				CLANG_WARN_RANGE_LOOP_ANALYSIS = YES;
				CLANG_WARN_STRICT_PROTOTYPES = YES;
				CLANG_WARN_SUSPICIOUS_MOVE = YES;
				CLANG_WARN_UNGUARDED_AVAILABILITY = YES_AGGRESSIVE;
				CLANG_WARN_UNREACHABLE_CODE = YES;
				CLANG_WARN__DUPLICATE_METHOD_MATCH = YES;
				COPY_PHASE_STRIP = NO;
				DEBUG_INFORMATION_FORMAT = dwarf;
				ENABLE_STRICT_OBJC_MSGSEND = YES;
				ENABLE_TESTABILITY = YES;
				GCC_C_LANGUAGE_STANDARD = gnu11;
				GCC_DYNAMIC_NO_PIC = NO;
				GCC_NO_COMMON_BLOCKS = YES;
				GCC_OPTIMIZATION_LEVEL = 0;
				GCC_PREPROCESSOR_DEFINITIONS = (
					"DEBUG=1",
					"$(inherited)",
				);
				GCC_WARN_64_TO_32_BIT_CONVERSION = YES;
				GCC_WARN_ABOUT_RETURN_TYPE = YES_ERROR;
				GCC_WARN_UNDECLARED_SELECTOR = YES;
				GCC_WARN_UNINITIALIZED_AUTOS = YES_AGGRESSIVE;
				GCC_WARN_UNUSED_FUNCTION = YES;
				GCC_WARN_UNUSED_VARIABLE = YES;
				IPHONEOS_DEPLOYMENT_TARGET = 14.0;
				MTL_ENABLE_DEBUG_INFO = INCLUDE_SOURCE;
				MTL_FAST_MATH = YES;
				ONLY_ACTIVE_ARCH = YES;
				SDKROOT = iphoneos;
				SWIFT_ACTIVE_COMPILATION_CONDITIONS = DEBUG;
				SWIFT_OPTIMIZATION_LEVEL = "-Onone";
			};
			name = Debug;
		};
		01D7E46624C563D50063B39E /* Release */ = {
			isa = XCBuildConfiguration;
			buildSettings = {
				ALWAYS_SEARCH_USER_PATHS = NO;
				CLANG_ANALYZER_LOCALIZABILITY_NONLOCALIZED = YES;
				CLANG_ANALYZER_NONNULL = YES;
				CLANG_ANALYZER_NUMBER_OBJECT_CONVERSION = YES_AGGRESSIVE;
				CLANG_CXX_LANGUAGE_STANDARD = "gnu++14";
				CLANG_CXX_LIBRARY = "libc++";
				CLANG_ENABLE_MODULES = YES;
				CLANG_ENABLE_OBJC_ARC = YES;
				CLANG_ENABLE_OBJC_WEAK = YES;
				CLANG_WARN_BLOCK_CAPTURE_AUTORELEASING = YES;
				CLANG_WARN_BOOL_CONVERSION = YES;
				CLANG_WARN_COMMA = YES;
				CLANG_WARN_CONSTANT_CONVERSION = YES;
				CLANG_WARN_DEPRECATED_OBJC_IMPLEMENTATIONS = YES;
				CLANG_WARN_DIRECT_OBJC_ISA_USAGE = YES_ERROR;
				CLANG_WARN_DOCUMENTATION_COMMENTS = YES;
				CLANG_WARN_EMPTY_BODY = YES;
				CLANG_WARN_ENUM_CONVERSION = YES;
				CLANG_WARN_INFINITE_RECURSION = YES;
				CLANG_WARN_INT_CONVERSION = YES;
				CLANG_WARN_NON_LITERAL_NULL_CONVERSION = YES;
				CLANG_WARN_OBJC_IMPLICIT_RETAIN_SELF = YES;
				CLANG_WARN_OBJC_LITERAL_CONVERSION = YES;
				CLANG_WARN_OBJC_ROOT_CLASS = YES_ERROR;
				CLANG_WARN_QUOTED_INCLUDE_IN_FRAMEWORK_HEADER = YES;
				CLANG_WARN_RANGE_LOOP_ANALYSIS = YES;
				CLANG_WARN_STRICT_PROTOTYPES = YES;
				CLANG_WARN_SUSPICIOUS_MOVE = YES;
				CLANG_WARN_UNGUARDED_AVAILABILITY = YES_AGGRESSIVE;
				CLANG_WARN_UNREACHABLE_CODE = YES;
				CLANG_WARN__DUPLICATE_METHOD_MATCH = YES;
				COPY_PHASE_STRIP = NO;
				DEBUG_INFORMATION_FORMAT = "dwarf-with-dsym";
				ENABLE_NS_ASSERTIONS = NO;
				ENABLE_STRICT_OBJC_MSGSEND = YES;
				GCC_C_LANGUAGE_STANDARD = gnu11;
				GCC_NO_COMMON_BLOCKS = YES;
				GCC_WARN_64_TO_32_BIT_CONVERSION = YES;
				GCC_WARN_ABOUT_RETURN_TYPE = YES_ERROR;
				GCC_WARN_UNDECLARED_SELECTOR = YES;
				GCC_WARN_UNINITIALIZED_AUTOS = YES_AGGRESSIVE;
				GCC_WARN_UNUSED_FUNCTION = YES;
				GCC_WARN_UNUSED_VARIABLE = YES;
				IPHONEOS_DEPLOYMENT_TARGET = 14.0;
				MTL_ENABLE_DEBUG_INFO = NO;
				MTL_FAST_MATH = YES;
				SDKROOT = iphoneos;
				SWIFT_COMPILATION_MODE = wholemodule;
				SWIFT_OPTIMIZATION_LEVEL = "-O";
				VALIDATE_PRODUCT = YES;
			};
			name = Release;
		};
		01D7E46824C563D50063B39E /* Debug */ = {
			isa = XCBuildConfiguration;
			buildSettings = {
				ASSETCATALOG_COMPILER_APPICON_NAME = AppIcon;
				ASSETCATALOG_COMPILER_GLOBAL_ACCENT_COLOR_NAME = AccentColor;
				CODE_SIGN_STYLE = Automatic;
				DEVELOPMENT_ASSET_PATHS = "\"lottery_13/Preview Content\"";
				DEVELOPMENT_TEAM = 6T6JMWY77X;
				ENABLE_PREVIEWS = YES;
				INFOPLIST_FILE = lottery_13/Info.plist;
				IPHONEOS_DEPLOYMENT_TARGET = 13.5;
				LD_RUNPATH_SEARCH_PATHS = (
					"$(inherited)",
					"@executable_path/Frameworks",
				);
				PRODUCT_BUNDLE_IDENTIFIER = "wqhqq1.lottery-13";
				PRODUCT_NAME = "$(TARGET_NAME)";
				SWIFT_VERSION = 5.0;
				TARGETED_DEVICE_FAMILY = "1,2";
			};
			name = Debug;
		};
		01D7E46924C563D50063B39E /* Release */ = {
			isa = XCBuildConfiguration;
			buildSettings = {
				ASSETCATALOG_COMPILER_APPICON_NAME = AppIcon;
				ASSETCATALOG_COMPILER_GLOBAL_ACCENT_COLOR_NAME = AccentColor;
				CODE_SIGN_STYLE = Automatic;
				DEVELOPMENT_ASSET_PATHS = "\"lottery_13/Preview Content\"";
				DEVELOPMENT_TEAM = 6T6JMWY77X;
				ENABLE_PREVIEWS = YES;
				INFOPLIST_FILE = lottery_13/Info.plist;
				IPHONEOS_DEPLOYMENT_TARGET = 13.5;
				LD_RUNPATH_SEARCH_PATHS = (
					"$(inherited)",
					"@executable_path/Frameworks",
				);
				PRODUCT_BUNDLE_IDENTIFIER = "wqhqq1.lottery-13";
				PRODUCT_NAME = "$(TARGET_NAME)";
				SWIFT_VERSION = 5.0;
				TARGETED_DEVICE_FAMILY = "1,2";
			};
			name = Release;
		};
		01D7E46B24C563D50063B39E /* Debug */ = {
			isa = XCBuildConfiguration;
			buildSettings = {
				ALWAYS_EMBED_SWIFT_STANDARD_LIBRARIES = YES;
				BUNDLE_LOADER = "$(TEST_HOST)";
				CODE_SIGN_STYLE = Automatic;
				DEVELOPMENT_TEAM = 6T6JMWY77X;
				INFOPLIST_FILE = lottery_13Tests/Info.plist;
				IPHONEOS_DEPLOYMENT_TARGET = 14.0;
				LD_RUNPATH_SEARCH_PATHS = (
					"$(inherited)",
					"@executable_path/Frameworks",
					"@loader_path/Frameworks",
				);
				PRODUCT_BUNDLE_IDENTIFIER = "wqhqq1.lottery-13Tests";
				PRODUCT_NAME = "$(TARGET_NAME)";
				SWIFT_VERSION = 5.0;
				TARGETED_DEVICE_FAMILY = "1,2";
				TEST_HOST = "$(BUILT_PRODUCTS_DIR)/lottery_13.app/lottery_13";
			};
			name = Debug;
		};
		01D7E46C24C563D50063B39E /* Release */ = {
			isa = XCBuildConfiguration;
			buildSettings = {
				ALWAYS_EMBED_SWIFT_STANDARD_LIBRARIES = YES;
				BUNDLE_LOADER = "$(TEST_HOST)";
				CODE_SIGN_STYLE = Automatic;
				DEVELOPMENT_TEAM = 6T6JMWY77X;
				INFOPLIST_FILE = lottery_13Tests/Info.plist;
				IPHONEOS_DEPLOYMENT_TARGET = 14.0;
				LD_RUNPATH_SEARCH_PATHS = (
					"$(inherited)",
					"@executable_path/Frameworks",
					"@loader_path/Frameworks",
				);
				PRODUCT_BUNDLE_IDENTIFIER = "wqhqq1.lottery-13Tests";
				PRODUCT_NAME = "$(TARGET_NAME)";
				SWIFT_VERSION = 5.0;
				TARGETED_DEVICE_FAMILY = "1,2";
				TEST_HOST = "$(BUILT_PRODUCTS_DIR)/lottery_13.app/lottery_13";
			};
			name = Release;
		};
		01D7E46E24C563D50063B39E /* Debug */ = {
			isa = XCBuildConfiguration;
			buildSettings = {
				ALWAYS_EMBED_SWIFT_STANDARD_LIBRARIES = YES;
				CODE_SIGN_STYLE = Automatic;
				DEVELOPMENT_TEAM = 6T6JMWY77X;
				INFOPLIST_FILE = lottery_13UITests/Info.plist;
				LD_RUNPATH_SEARCH_PATHS = (
					"$(inherited)",
					"@executable_path/Frameworks",
					"@loader_path/Frameworks",
				);
				PRODUCT_BUNDLE_IDENTIFIER = "wqhqq1.lottery-13UITests";
				PRODUCT_NAME = "$(TARGET_NAME)";
				SWIFT_VERSION = 5.0;
				TARGETED_DEVICE_FAMILY = "1,2";
				TEST_TARGET_NAME = lottery_13;
			};
			name = Debug;
		};
		01D7E46F24C563D50063B39E /* Release */ = {
			isa = XCBuildConfiguration;
			buildSettings = {
				ALWAYS_EMBED_SWIFT_STANDARD_LIBRARIES = YES;
				CODE_SIGN_STYLE = Automatic;
				DEVELOPMENT_TEAM = 6T6JMWY77X;
				INFOPLIST_FILE = lottery_13UITests/Info.plist;
				LD_RUNPATH_SEARCH_PATHS = (
					"$(inherited)",
					"@executable_path/Frameworks",
					"@loader_path/Frameworks",
				);
				PRODUCT_BUNDLE_IDENTIFIER = "wqhqq1.lottery-13UITests";
				PRODUCT_NAME = "$(TARGET_NAME)";
				SWIFT_VERSION = 5.0;
				TARGETED_DEVICE_FAMILY = "1,2";
				TEST_TARGET_NAME = lottery_13;
			};
			name = Release;
		};
/* End XCBuildConfiguration section */

/* Begin XCConfigurationList section */
		01D7E43824C563D30063B39E /* Build configuration list for PBXProject "lottery_13" */ = {
			isa = XCConfigurationList;
			buildConfigurations = (
				01D7E46524C563D50063B39E /* Debug */,
				01D7E46624C563D50063B39E /* Release */,
				01BA41EA24C6D2FF00FD85B7 /* add-hoc */,
			);
			defaultConfigurationIsVisible = 0;
			defaultConfigurationName = Release;
		};
		01D7E46724C563D50063B39E /* Build configuration list for PBXNativeTarget "lottery_13" */ = {
			isa = XCConfigurationList;
			buildConfigurations = (
				01D7E46824C563D50063B39E /* Debug */,
				01D7E46924C563D50063B39E /* Release */,
				01BA41EB24C6D2FF00FD85B7 /* add-hoc */,
			);
			defaultConfigurationIsVisible = 0;
			defaultConfigurationName = Release;
		};
		01D7E46A24C563D50063B39E /* Build configuration list for PBXNativeTarget "lottery_13Tests" */ = {
			isa = XCConfigurationList;
			buildConfigurations = (
				01D7E46B24C563D50063B39E /* Debug */,
				01D7E46C24C563D50063B39E /* Release */,
				01BA41EC24C6D2FF00FD85B7 /* add-hoc */,
			);
			defaultConfigurationIsVisible = 0;
			defaultConfigurationName = Release;
		};
		01D7E46D24C563D50063B39E /* Build configuration list for PBXNativeTarget "lottery_13UITests" */ = {
			isa = XCConfigurationList;
			buildConfigurations = (
				01D7E46E24C563D50063B39E /* Debug */,
				01D7E46F24C563D50063B39E /* Release */,
				01BA41ED24C6D2FF00FD85B7 /* add-hoc */,
			);
			defaultConfigurationIsVisible = 0;
			defaultConfigurationName = Release;
		};
/* End XCConfigurationList section */
	};
	rootObject = 01D7E43524C563D30063B39E /* Project object */;
}
